
Microsoft Visual Studio Solution File, Format Version 12.00
# Visual Studio Version 17
VisualStudioVersion = 17.1.32319.34
MinimumVisualStudioVersion = 10.0.40219.1
Project("{FAE04EC0-301F-11D3-BF4B-00C04F79EFBC}") = "Lesson12_1", "Lesson12_1\Lesson12_1.csproj", "{4FF50FBE-8CBE-445A-8A0D-F3FF9B5D4E9C}"
EndProject
Project("{FAE04EC0-301F-11D3-BF4B-00C04F79EFBC}") = "Models", "Models\Models.csproj", "{A71AAB29-A7F7-4BE3-BA59-77638F8E547F}"
EndProject
Project("{FAE04EC0-301F-11D3-BF4B-00C04F79EFBC}") = "Lesson12_2", "Lesson12_2\Lesson12_2.csproj", "{D457EDE9-8D4F-464D-ADBE-F4378DEFED04}"
EndProject
Global
	GlobalSection(SolutionConfigurationPlatforms) = preSolution
		Debug|Any CPU = Debug|Any CPU
		Release|Any CPU = Release|Any CPU
	EndGlobalSection
	GlobalSection(ProjectConfigurationPlatforms) = postSolution
		{4FF50FBE-8CBE-445A-8A0D-F3FF9B5D4E9C}.Debug|Any CPU.ActiveCfg = Debug|Any CPU
		{4FF50FBE-8CBE-445A-8A0D-F3FF9B5D4E9C}.Debug|Any CPU.Build.0 = Debug|Any CPU
		{4FF50FBE-8CBE-445A-8A0D-F3FF9B5D4E9C}.Release|Any CPU.ActiveCfg = Release|Any CPU
		{4FF50FBE-8CBE-445A-8A0D-F3FF9B5D4E9C}.Release|Any CPU.Build.0 = Release|Any CPU
		{A71AAB29-A7F7-4BE3-BA59-77638F8E547F}.Debug|Any CPU.ActiveCfg = Debug|Any CPU
		{A71AAB29-A7F7-4BE3-BA59-77638F8E547F}.Debug|Any CPU.Build.0 = Debug|Any CPU
		{A71AAB29-A7F7-4BE3-BA59-77638F8E547F}.Release|Any CPU.ActiveCfg = Release|Any CPU
		{A71AAB29-A7F7-4BE3-BA59-77638F8E547F}.Release|Any CPU.Build.0 = Release|Any CPU
		{D457EDE9-8D4F-464D-ADBE-F4378DEFED04}.Debug|Any CPU.ActiveCfg = Debug|Any CPU
		{D457EDE9-8D4F-464D-ADBE-F4378DEFED04}.Debug|Any CPU.Build.0 = Debug|Any CPU
		{D457EDE9-8D4F-464D-ADBE-F4378DEFED04}.Release|Any CPU.ActiveCfg = Release|Any CPU
		{D457EDE9-8D4F-464D-ADBE-F4378DEFED04}.Release|Any CPU.Build.0 = Release|Any CPU
	EndGlobalSection
	GlobalSection(SolutionProperties) = preSolution
		HideSolutionNode = FALSE
	EndGlobalSection
	GlobalSection(ExtensibilityGlobals) = postSolution
		SolutionGuid = {A19534CD-D92E-4298-8CBD-80F527BEBF76}
	EndGlobalSection
EndGlobal
